
Microsoft Visual Studio Solution File, Format Version 12.00
# Visual Studio 15
VisualStudioVersion = 15.0.28307.1145
MinimumVisualStudioVersion = 10.0.40219.1
Project("{FAE04EC0-301F-11D3-BF4B-00C04F79EFBC}") = "Text to Speech", "Text to Speech\Text to Speech.csproj", "{3463079C-D8AE-4E8A-9442-4B30859963BE}"
EndProject
Global
	GlobalSection(SolutionConfigurationPlatforms) = preSolution
		Debug|Any CPU = Debug|Any CPU
		Release|Any CPU = Release|Any CPU
	EndGlobalSection
	GlobalSection(ProjectConfigurationPlatforms) = postSolution
		{3463079C-D8AE-4E8A-9442-4B30859963BE}.Debug|Any CPU.ActiveCfg = Debug|Any CPU
		{3463079C-D8AE-4E8A-9442-4B30859963BE}.Debug|Any CPU.Build.0 = Debug|Any CPU
		{3463079C-D8AE-4E8A-9442-4B30859963BE}.Release|Any CPU.ActiveCfg = Release|Any CPU
		{3463079C-D8AE-4E8A-9442-4B30859963BE}.Release|Any CPU.Build.0 = Release|Any CPU
	EndGlobalSection
	GlobalSection(SolutionProperties) = preSolution
		HideSolutionNode = FALSE
	EndGlobalSection
	GlobalSection(ExtensibilityGlobals) = postSolution
		SolutionGuid = {7898E0FF-76ED-4D04-A4A2-1133B41E0834}
	EndGlobalSection
EndGlobal
